
Microsoft Visual Studio Solution File, Format Version 12.00
# Visual Studio Version 16
VisualStudioVersion = 16.0.31321.278
MinimumVisualStudioVersion = 10.0.40219.1
Project("{FAE04EC0-301F-11D3-BF4B-00C04F79EFBC}") = "Fil.Rouge.DataAccessLayer", "Fil.Rouge.DataAccessLayer\Fil.Rouge.DataAccessLayer.csproj", "{DBF4D94C-66DB-41B7-B6DD-26807C78878B}"
EndProject
Project("{FAE04EC0-301F-11D3-BF4B-00C04F79EFBC}") = "Fil.Rouge.Web", "Fil.Rouge.Web\Fil.Rouge.Web.csproj", "{A1176368-BC87-43FD-A2DB-852B6EA88962}"
EndProject
Project("{FAE04EC0-301F-11D3-BF4B-00C04F79EFBC}") = "Fil.Rouge.Api", "Fil.Rouge.Api\Fil.Rouge.Api.csproj", "{6C284258-06DF-4B19-BCB2-8558AFCA17FB}"
EndProject
Global
	GlobalSection(SolutionConfigurationPlatforms) = preSolution
		Debug|Any CPU = Debug|Any CPU
		Release|Any CPU = Release|Any CPU
	EndGlobalSection
	GlobalSection(ProjectConfigurationPlatforms) = postSolution
		{DBF4D94C-66DB-41B7-B6DD-26807C78878B}.Debug|Any CPU.ActiveCfg = Debug|Any CPU
		{DBF4D94C-66DB-41B7-B6DD-26807C78878B}.Debug|Any CPU.Build.0 = Debug|Any CPU
		{DBF4D94C-66DB-41B7-B6DD-26807C78878B}.Release|Any CPU.ActiveCfg = Release|Any CPU
		{DBF4D94C-66DB-41B7-B6DD-26807C78878B}.Release|Any CPU.Build.0 = Release|Any CPU
		{A1176368-BC87-43FD-A2DB-852B6EA88962}.Debug|Any CPU.ActiveCfg = Debug|Any CPU
		{A1176368-BC87-43FD-A2DB-852B6EA88962}.Debug|Any CPU.Build.0 = Debug|Any CPU
		{A1176368-BC87-43FD-A2DB-852B6EA88962}.Release|Any CPU.ActiveCfg = Release|Any CPU
		{A1176368-BC87-43FD-A2DB-852B6EA88962}.Release|Any CPU.Build.0 = Release|Any CPU
		{6C284258-06DF-4B19-BCB2-8558AFCA17FB}.Debug|Any CPU.ActiveCfg = Debug|Any CPU
		{6C284258-06DF-4B19-BCB2-8558AFCA17FB}.Debug|Any CPU.Build.0 = Debug|Any CPU
		{6C284258-06DF-4B19-BCB2-8558AFCA17FB}.Release|Any CPU.ActiveCfg = Release|Any CPU
		{6C284258-06DF-4B19-BCB2-8558AFCA17FB}.Release|Any CPU.Build.0 = Release|Any CPU
	EndGlobalSection
	GlobalSection(SolutionProperties) = preSolution
		HideSolutionNode = FALSE
	EndGlobalSection
	GlobalSection(ExtensibilityGlobals) = postSolution
		SolutionGuid = {25516DDD-E4EE-410C-8932-F5B35939BB09}
	EndGlobalSection
EndGlobal
